
Microsoft Visual Studio Solution File, Format Version 12.00
# Visual Studio Version 16
VisualStudioVersion = 16.0.30517.126
MinimumVisualStudioVersion = 10.0.40219.1
Project("{FAE04EC0-301F-11D3-BF4B-00C04F79EFBC}") = "PlayfairCipher", "PlayfairCipher\PlayfairCipher.csproj", "{73711D1F-AF56-4457-92A3-2D6E27CF9011}"
EndProject
Global
	GlobalSection(SolutionConfigurationPlatforms) = preSolution
		Debug|Any CPU = Debug|Any CPU
		Release|Any CPU = Release|Any CPU
	EndGlobalSection
	GlobalSection(ProjectConfigurationPlatforms) = postSolution
		{73711D1F-AF56-4457-92A3-2D6E27CF9011}.Debug|Any CPU.ActiveCfg = Debug|Any CPU
		{73711D1F-AF56-4457-92A3-2D6E27CF9011}.Debug|Any CPU.Build.0 = Debug|Any CPU
		{73711D1F-AF56-4457-92A3-2D6E27CF9011}.Release|Any CPU.ActiveCfg = Release|Any CPU
		{73711D1F-AF56-4457-92A3-2D6E27CF9011}.Release|Any CPU.Build.0 = Release|Any CPU
	EndGlobalSection
	GlobalSection(SolutionProperties) = preSolution
		HideSolutionNode = FALSE
	EndGlobalSection
	GlobalSection(ExtensibilityGlobals) = postSolution
		SolutionGuid = {20963218-C8B2-4908-8370-3ED173393887}
	EndGlobalSection
EndGlobal
